// !$*UTF8*$!
{
	archiveVersion = 1;
	classes = {
	};
	objectVersion = 46;
	objects = {

/* Begin PBXBuildFile section */
		814DA61EC2BB0FD2F5785EBE /* Pods.framework in Frameworks */ = {isa = PBXBuildFile; fileRef = F725F8588C0901009F80D71C /* Pods.framework */; settings = {ATTRIBUTES = (Weak, ); }; };
		DDF8BC851B253CF400891404 /* AppDelegate.swift in Sources */ = {isa = PBXBuildFile; fileRef = DDF8BC841B253CF400891404 /* AppDelegate.swift */; };
		DDF8BC871B253CF400891404 /* ViewController.swift in Sources */ = {isa = PBXBuildFile; fileRef = DDF8BC861B253CF400891404 /* ViewController.swift */; };
		DDF8BC8C1B253CF400891404 /* Images.xcassets in Resources */ = {isa = PBXBuildFile; fileRef = DDF8BC8B1B253CF400891404 /* Images.xcassets */; };
		DDF8BC8F1B253CF400891404 /* LaunchScreen.xib in Resources */ = {isa = PBXBuildFile; fileRef = DDF8BC8D1B253CF400891404 /* LaunchScreen.xib */; };
		DDF8BCA51B25422500891404 /* Settings.bundle in Resources */ = {isa = PBXBuildFile; fileRef = DDF8BCA41B25422500891404 /* Settings.bundle */; };
		DDF8BCA71B25477300891404 /* DrawingView.swift in Sources */ = {isa = PBXBuildFile; fileRef = DDF8BCA61B25477300891404 /* DrawingView.swift */; };
		DDF8BCAA1B2570A300891404 /* denver.geojson in Resources */ = {isa = PBXBuildFile; fileRef = DDF8BCA91B2570A300891404 /* denver.geojson */; };
		DDF8BCAD1B25719F00891404 /* turf.min.js in Resources */ = {isa = PBXBuildFile; fileRef = DDF8BCAB1B25719E00891404 /* turf.min.js */; };
		DDF8BCAE1B25719F00891404 /* javascript.util.min.js in Resources */ = {isa = PBXBuildFile; fileRef = DDF8BCAC1B25719E00891404 /* javascript.util.min.js */; };
		DDF8BCB21B25E28E00891404 /* listing.jpg in Resources */ = {isa = PBXBuildFile; fileRef = DDF8BCB11B25E28E00891404 /* listing.jpg */; };
		DDF8BCB41B25E36400891404 /* listing_thumb.jpg in Resources */ = {isa = PBXBuildFile; fileRef = DDF8BCB31B25E36400891404 /* listing_thumb.jpg */; };
		DDF8BCB61B25E4A100891404 /* MapboxGeocoder.swift in Sources */ = {isa = PBXBuildFile; fileRef = DDF8BCB51B25E4A100891404 /* MapboxGeocoder.swift */; };
		DDF8BCBB1B25F8FC00891404 /* SwiftyJSON.swift in Sources */ = {isa = PBXBuildFile; fileRef = DDF8BCB91B25F8FC00891404 /* SwiftyJSON.swift */; };
		DDF8BCBC1B25F8FC00891404 /* MapboxDirections.swift in Sources */ = {isa = PBXBuildFile; fileRef = DDF8BCBA1B25F8FC00891404 /* MapboxDirections.swift */; };
		DDF8BCC41B26402D00891404 /* 1096-direction-arrow@3x.png in Resources */ = {isa = PBXBuildFile; fileRef = DDF8BCC11B26402D00891404 /* 1096-direction-arrow@3x.png */; };
		DDF8BCC51B26402D00891404 /* 1096-direction-arrow.png in Resources */ = {isa = PBXBuildFile; fileRef = DDF8BCC21B26402D00891404 /* 1096-direction-arrow.png */; };
		DDF8BCC61B26402D00891404 /* 1096-direction-arrow@2x.png in Resources */ = {isa = PBXBuildFile; fileRef = DDF8BCC31B26402D00891404 /* 1096-direction-arrow@2x.png */; };
		DDF8BCC81B2645AF00891404 /* Extension.swift in Sources */ = {isa = PBXBuildFile; fileRef = DDF8BCC71B2645AF00891404 /* Extension.swift */; };
/* End PBXBuildFile section */

/* Begin PBXFileReference section */
		3236931C52EFF32A23AD9C51 /* Pods.release.xcconfig */ = {isa = PBXFileReference; includeInIndex = 1; lastKnownFileType = text.xcconfig; name = Pods.release.xcconfig; path = "Pods/Target Support Files/Pods/Pods.release.xcconfig"; sourceTree = "<group>"; };
		4FE41B18CABEE255EF292C0D /* Pods.debug.xcconfig */ = {isa = PBXFileReference; includeInIndex = 1; lastKnownFileType = text.xcconfig; name = Pods.debug.xcconfig; path = "Pods/Target Support Files/Pods/Pods.debug.xcconfig"; sourceTree = "<group>"; };
		DDF8BC7F1B253CF400891404 /* WWDSee.app */ = {isa = PBXFileReference; explicitFileType = wrapper.application; includeInIndex = 0; path = WWDSee.app; sourceTree = BUILT_PRODUCTS_DIR; };
		DDF8BC831B253CF400891404 /* Info.plist */ = {isa = PBXFileReference; lastKnownFileType = text.plist.xml; path = Info.plist; sourceTree = "<group>"; };
		DDF8BC841B253CF400891404 /* AppDelegate.swift */ = {isa = PBXFileReference; lastKnownFileType = sourcecode.swift; path = AppDelegate.swift; sourceTree = "<group>"; };
		DDF8BC861B253CF400891404 /* ViewController.swift */ = {isa = PBXFileReference; lastKnownFileType = sourcecode.swift; path = ViewController.swift; sourceTree = "<group>"; };
		DDF8BC8B1B253CF400891404 /* Images.xcassets */ = {isa = PBXFileReference; lastKnownFileType = folder.assetcatalog; path = Images.xcassets; sourceTree = "<group>"; };
		DDF8BC8E1B253CF400891404 /* Base */ = {isa = PBXFileReference; lastKnownFileType = file.xib; name = Base; path = Base.lproj/LaunchScreen.xib; sourceTree = "<group>"; };
		DDF8BCA41B25422500891404 /* Settings.bundle */ = {isa = PBXFileReference; lastKnownFileType = "wrapper.plug-in"; path = Settings.bundle; sourceTree = "<group>"; };
		DDF8BCA61B25477300891404 /* DrawingView.swift */ = {isa = PBXFileReference; fileEncoding = 4; lastKnownFileType = sourcecode.swift; path = DrawingView.swift; sourceTree = "<group>"; };
		DDF8BCA91B2570A300891404 /* denver.geojson */ = {isa = PBXFileReference; fileEncoding = 4; lastKnownFileType = text; path = denver.geojson; sourceTree = "<group>"; };
		DDF8BCAB1B25719E00891404 /* turf.min.js */ = {isa = PBXFileReference; fileEncoding = 4; lastKnownFileType = sourcecode.javascript; path = turf.min.js; sourceTree = "<group>"; };
		DDF8BCAC1B25719E00891404 /* javascript.util.min.js */ = {isa = PBXFileReference; fileEncoding = 4; lastKnownFileType = sourcecode.javascript; path = javascript.util.min.js; sourceTree = "<group>"; };
		DDF8BCB11B25E28E00891404 /* listing.jpg */ = {isa = PBXFileReference; lastKnownFileType = image.jpeg; path = listing.jpg; sourceTree = "<group>"; };
		DDF8BCB31B25E36400891404 /* listing_thumb.jpg */ = {isa = PBXFileReference; lastKnownFileType = image.jpeg; path = listing_thumb.jpg; sourceTree = "<group>"; };
		DDF8BCB51B25E4A100891404 /* MapboxGeocoder.swift */ = {isa = PBXFileReference; fileEncoding = 4; lastKnownFileType = sourcecode.swift; name = MapboxGeocoder.swift; path = MapboxGeocoder/MBGeocoder/MapboxGeocoder.swift; sourceTree = SOURCE_ROOT; };
		DDF8BCB91B25F8FC00891404 /* SwiftyJSON.swift */ = {isa = PBXFileReference; fileEncoding = 4; lastKnownFileType = sourcecode.swift; name = SwiftyJSON.swift; path = MapboxDirections/SwiftyJSON/Source/SwiftyJSON.swift; sourceTree = SOURCE_ROOT; };
		DDF8BCBA1B25F8FC00891404 /* MapboxDirections.swift */ = {isa = PBXFileReference; fileEncoding = 4; lastKnownFileType = sourcecode.swift; name = MapboxDirections.swift; path = MapboxDirections/MapboxDirections.swift; sourceTree = SOURCE_ROOT; };
		DDF8BCC11B26402D00891404 /* 1096-direction-arrow@3x.png */ = {isa = PBXFileReference; lastKnownFileType = image.png; path = "1096-direction-arrow@3x.png"; sourceTree = "<group>"; };
		DDF8BCC21B26402D00891404 /* 1096-direction-arrow.png */ = {isa = PBXFileReference; lastKnownFileType = image.png; path = "1096-direction-arrow.png"; sourceTree = "<group>"; };
		DDF8BCC31B26402D00891404 /* 1096-direction-arrow@2x.png */ = {isa = PBXFileReference; lastKnownFileType = image.png; path = "1096-direction-arrow@2x.png"; sourceTree = "<group>"; };
		DDF8BCC71B2645AF00891404 /* Extension.swift */ = {isa = PBXFileReference; fileEncoding = 4; lastKnownFileType = sourcecode.swift; path = Extension.swift; sourceTree = "<group>"; };
		F725F8588C0901009F80D71C /* Pods.framework */ = {isa = PBXFileReference; explicitFileType = wrapper.framework; includeInIndex = 0; path = Pods.framework; sourceTree = BUILT_PRODUCTS_DIR; };
/* End PBXFileReference section */

/* Begin PBXFrameworksBuildPhase section */
		DDF8BC7C1B253CF400891404 /* Frameworks */ = {
			isa = PBXFrameworksBuildPhase;
			buildActionMask = 2147483647;
			files = (
				814DA61EC2BB0FD2F5785EBE /* Pods.framework in Frameworks */,
			);
			runOnlyForDeploymentPostprocessing = 0;
		};
/* End PBXFrameworksBuildPhase section */

/* Begin PBXGroup section */
		5DF999E0E9C5339325F2C5EA /* Frameworks */ = {
			isa = PBXGroup;
			children = (
				F725F8588C0901009F80D71C /* Pods.framework */,
			);
			name = Frameworks;
			sourceTree = "<group>";
		};
		DDF8BC761B253CF400891404 = {
			isa = PBXGroup;
			children = (
				DDF8BC811B253CF400891404 /* WWDSee */,
				DDF8BC801B253CF400891404 /* Products */,
				E64E5F5B6EE8F5BEB077E3F3 /* Pods */,
				5DF999E0E9C5339325F2C5EA /* Frameworks */,
			);
			sourceTree = "<group>";
		};
		DDF8BC801B253CF400891404 /* Products */ = {
			isa = PBXGroup;
			children = (
				DDF8BC7F1B253CF400891404 /* WWDSee.app */,
			);
			name = Products;
			sourceTree = "<group>";
		};
		DDF8BC811B253CF400891404 /* WWDSee */ = {
			isa = PBXGroup;
			children = (
				DDF8BC841B253CF400891404 /* AppDelegate.swift */,
				DDF8BC861B253CF400891404 /* ViewController.swift */,
				DDF8BCA61B25477300891404 /* DrawingView.swift */,
				DDF8BCC71B2645AF00891404 /* Extension.swift */,
				DDF8BC8B1B253CF400891404 /* Images.xcassets */,
				DDF8BC8D1B253CF400891404 /* LaunchScreen.xib */,
				DDF8BCBF1B25F91900891404 /* JavaScript */,
				DDF8BCC01B25F92300891404 /* Images */,
				DDF8BCBE1B25F90B00891404 /* Geocoder */,
				DDF8BCBD1B25F90200891404 /* Directions */,
				DDF8BC821B253CF400891404 /* Supporting Files */,
			);
			path = WWDSee;
			sourceTree = "<group>";
		};
		DDF8BC821B253CF400891404 /* Supporting Files */ = {
			isa = PBXGroup;
			children = (
				DDF8BC831B253CF400891404 /* Info.plist */,
				DDF8BCA41B25422500891404 /* Settings.bundle */,
			);
			name = "Supporting Files";
			sourceTree = "<group>";
		};
		DDF8BCBD1B25F90200891404 /* Directions */ = {
			isa = PBXGroup;
			children = (
				DDF8BCBA1B25F8FC00891404 /* MapboxDirections.swift */,
				DDF8BCB91B25F8FC00891404 /* SwiftyJSON.swift */,
			);
			name = Directions;
			sourceTree = "<group>";
		};
		DDF8BCBE1B25F90B00891404 /* Geocoder */ = {
			isa = PBXGroup;
			children = (
				DDF8BCB51B25E4A100891404 /* MapboxGeocoder.swift */,
			);
			name = Geocoder;
			sourceTree = "<group>";
		};
		DDF8BCBF1B25F91900891404 /* JavaScript */ = {
			isa = PBXGroup;
			children = (
				DDF8BCA91B2570A300891404 /* denver.geojson */,
				DDF8BCAB1B25719E00891404 /* turf.min.js */,
				DDF8BCAC1B25719E00891404 /* javascript.util.min.js */,
			);
			name = JavaScript;
			sourceTree = "<group>";
		};
		DDF8BCC01B25F92300891404 /* Images */ = {
			isa = PBXGroup;
			children = (
				DDF8BCB11B25E28E00891404 /* listing.jpg */,
				DDF8BCB31B25E36400891404 /* listing_thumb.jpg */,
				DDF8BCC21B26402D00891404 /* 1096-direction-arrow.png */,
				DDF8BCC31B26402D00891404 /* 1096-direction-arrow@2x.png */,
				DDF8BCC11B26402D00891404 /* 1096-direction-arrow@3x.png */,
			);
			name = Images;
			sourceTree = "<group>";
		};
		E64E5F5B6EE8F5BEB077E3F3 /* Pods */ = {
			isa = PBXGroup;
			children = (
				4FE41B18CABEE255EF292C0D /* Pods.debug.xcconfig */,
				3236931C52EFF32A23AD9C51 /* Pods.release.xcconfig */,
			);
			name = Pods;
			sourceTree = "<group>";
		};
/* End PBXGroup section */

/* Begin PBXNativeTarget section */
		DDF8BC7E1B253CF400891404 /* WWDSee */ = {
			isa = PBXNativeTarget;
			buildConfigurationList = DDF8BC9E1B253CF400891404 /* Build configuration list for PBXNativeTarget "WWDSee" */;
			buildPhases = (
				B81F2229CFDE7FBEACBA98E4 /* Check Pods Manifest.lock */,
				DDF8BC7B1B253CF400891404 /* Sources */,
				DDF8BC7C1B253CF400891404 /* Frameworks */,
				DDF8BC7D1B253CF400891404 /* Resources */,
				EDA0A0E76BCEDC43D7868A32 /* Embed Pods Frameworks */,
				1CA97E86B84CCED595CB9D7F /* Copy Pods Resources */,
			);
			buildRules = (
			);
			dependencies = (
			);
			name = WWDSee;
			productName = WWDSee;
			productReference = DDF8BC7F1B253CF400891404 /* WWDSee.app */;
			productType = "com.apple.product-type.application";
		};
/* End PBXNativeTarget section */

/* Begin PBXProject section */
		DDF8BC771B253CF400891404 /* Project object */ = {
			isa = PBXProject;
			attributes = {
				LastUpgradeCheck = 0640;
				ORGANIZATIONNAME = Mapbox;
				TargetAttributes = {
					DDF8BC7E1B253CF400891404 = {
						CreatedOnToolsVersion = 6.3.2;
					};
				};
			};
			buildConfigurationList = DDF8BC7A1B253CF400891404 /* Build configuration list for PBXProject "WWDSee" */;
			compatibilityVersion = "Xcode 3.2";
			developmentRegion = English;
			hasScannedForEncodings = 0;
			knownRegions = (
				en,
				Base,
			);
			mainGroup = DDF8BC761B253CF400891404;
			productRefGroup = DDF8BC801B253CF400891404 /* Products */;
			projectDirPath = "";
			projectRoot = "";
			targets = (
				DDF8BC7E1B253CF400891404 /* WWDSee */,
			);
		};
/* End PBXProject section */

/* Begin PBXResourcesBuildPhase section */
		DDF8BC7D1B253CF400891404 /* Resources */ = {
			isa = PBXResourcesBuildPhase;
			buildActionMask = 2147483647;
			files = (
				DDF8BCB21B25E28E00891404 /* listing.jpg in Resources */,
				DDF8BCC51B26402D00891404 /* 1096-direction-arrow.png in Resources */,
				DDF8BCB41B25E36400891404 /* listing_thumb.jpg in Resources */,
				DDF8BCAE1B25719F00891404 /* javascript.util.min.js in Resources */,
				DDF8BC8F1B253CF400891404 /* LaunchScreen.xib in Resources */,
				DDF8BCC61B26402D00891404 /* 1096-direction-arrow@2x.png in Resources */,
				DDF8BCAD1B25719F00891404 /* turf.min.js in Resources */,
				DDF8BCAA1B2570A300891404 /* denver.geojson in Resources */,
				DDF8BCA51B25422500891404 /* Settings.bundle in Resources */,
				DDF8BCC41B26402D00891404 /* 1096-direction-arrow@3x.png in Resources */,
				DDF8BC8C1B253CF400891404 /* Images.xcassets in Resources */,
			);
			runOnlyForDeploymentPostprocessing = 0;
		};
/* End PBXResourcesBuildPhase section */

/* Begin PBXShellScriptBuildPhase section */
		1CA97E86B84CCED595CB9D7F /* Copy Pods Resources */ = {
			isa = PBXShellScriptBuildPhase;
			buildActionMask = 2147483647;
			files = (
			);
			inputPaths = (
			);
			name = "Copy Pods Resources";
			outputPaths = (
			);
			runOnlyForDeploymentPostprocessing = 0;
			shellPath = /bin/sh;
			shellScript = "\"${SRCROOT}/Pods/Target Support Files/Pods/Pods-resources.sh\"\n";
			showEnvVarsInLog = 0;
		};
		B81F2229CFDE7FBEACBA98E4 /* Check Pods Manifest.lock */ = {
			isa = PBXShellScriptBuildPhase;
			buildActionMask = 2147483647;
			files = (
			);
			inputPaths = (
			);
			name = "Check Pods Manifest.lock";
			outputPaths = (
			);
			runOnlyForDeploymentPostprocessing = 0;
			shellPath = /bin/sh;
			shellScript = "diff \"${PODS_ROOT}/../Podfile.lock\" \"${PODS_ROOT}/Manifest.lock\" > /dev/null\nif [[ $? != 0 ]] ; then\n    cat << EOM\nerror: The sandbox is not in sync with the Podfile.lock. Run 'pod install' or update your CocoaPods installation.\nEOM\n    exit 1\nfi\n";
			showEnvVarsInLog = 0;
		};
		EDA0A0E76BCEDC43D7868A32 /* Embed Pods Frameworks */ = {
			isa = PBXShellScriptBuildPhase;
			buildActionMask = 2147483647;
			files = (
			);
			inputPaths = (
			);
			name = "Embed Pods Frameworks";
			outputPaths = (
			);
			runOnlyForDeploymentPostprocessing = 0;
			shellPath = /bin/sh;
			shellScript = "\"${SRCROOT}/Pods/Target Support Files/Pods/Pods-frameworks.sh\"\n";
			showEnvVarsInLog = 0;
		};
/* End PBXShellScriptBuildPhase section */

/* Begin PBXSourcesBuildPhase section */
		DDF8BC7B1B253CF400891404 /* Sources */ = {
			isa = PBXSourcesBuildPhase;
			buildActionMask = 2147483647;
			files = (
				DDF8BCA71B25477300891404 /* DrawingView.swift in Sources */,
				DDF8BC871B253CF400891404 /* ViewController.swift in Sources */,
				DDF8BCC81B2645AF00891404 /* Extension.swift in Sources */,
				DDF8BCB61B25E4A100891404 /* MapboxGeocoder.swift in Sources */,
				DDF8BCBB1B25F8FC00891404 /* SwiftyJSON.swift in Sources */,
				DDF8BCBC1B25F8FC00891404 /* MapboxDirections.swift in Sources */,
				DDF8BC851B253CF400891404 /* AppDelegate.swift in Sources */,
			);
			runOnlyForDeploymentPostprocessing = 0;
		};
/* End PBXSourcesBuildPhase section */

/* Begin PBXVariantGroup section */
		DDF8BC8D1B253CF400891404 /* LaunchScreen.xib */ = {
			isa = PBXVariantGroup;
			children = (
				DDF8BC8E1B253CF400891404 /* Base */,
			);
			name = LaunchScreen.xib;
			sourceTree = "<group>";
		};
/* End PBXVariantGroup section */

/* Begin XCBuildConfiguration section */
		DDF8BC9C1B253CF400891404 /* Debug */ = {
			isa = XCBuildConfiguration;
			buildSettings = {
				ALWAYS_SEARCH_USER_PATHS = NO;
				CLANG_CXX_LANGUAGE_STANDARD = "gnu++0x";
				CLANG_CXX_LIBRARY = "libc++";
				CLANG_ENABLE_MODULES = YES;
				CLANG_ENABLE_OBJC_ARC = YES;
				CLANG_WARN_BOOL_CONVERSION = YES;
				CLANG_WARN_CONSTANT_CONVERSION = YES;
				CLANG_WARN_DIRECT_OBJC_ISA_USAGE = YES_ERROR;
				CLANG_WARN_EMPTY_BODY = YES;
				CLANG_WARN_ENUM_CONVERSION = YES;
				CLANG_WARN_INT_CONVERSION = YES;
				CLANG_WARN_OBJC_ROOT_CLASS = YES_ERROR;
				CLANG_WARN_UNREACHABLE_CODE = YES;
				CLANG_WARN__DUPLICATE_METHOD_MATCH = YES;
				"CODE_SIGN_IDENTITY[sdk=iphoneos*]" = "iPhone Developer";
				COPY_PHASE_STRIP = NO;
				DEBUG_INFORMATION_FORMAT = "dwarf-with-dsym";
				ENABLE_STRICT_OBJC_MSGSEND = YES;
				GCC_C_LANGUAGE_STANDARD = gnu99;
				GCC_DYNAMIC_NO_PIC = NO;
				GCC_NO_COMMON_BLOCKS = YES;
				GCC_OPTIMIZATION_LEVEL = 0;
				GCC_PREPROCESSOR_DEFINITIONS = (
					"DEBUG=1",
					"$(inherited)",
				);
				GCC_SYMBOLS_PRIVATE_EXTERN = NO;
				GCC_WARN_64_TO_32_BIT_CONVERSION = YES;
				GCC_WARN_ABOUT_RETURN_TYPE = YES_ERROR;
				GCC_WARN_UNDECLARED_SELECTOR = YES;
				GCC_WARN_UNINITIALIZED_AUTOS = YES_AGGRESSIVE;
				GCC_WARN_UNUSED_FUNCTION = YES;
				GCC_WARN_UNUSED_VARIABLE = YES;
				IPHONEOS_DEPLOYMENT_TARGET = 8.3;
				MTL_ENABLE_DEBUG_INFO = YES;
				ONLY_ACTIVE_ARCH = YES;
				SDKROOT = iphoneos;
				SWIFT_OPTIMIZATION_LEVEL = "-Onone";
				TARGETED_DEVICE_FAMILY = "1,2";
			};
			name = Debug;
		};
		DDF8BC9D1B253CF400891404 /* Release */ = {
			isa = XCBuildConfiguration;
			buildSettings = {
				ALWAYS_SEARCH_USER_PATHS = NO;
				CLANG_CXX_LANGUAGE_STANDARD = "gnu++0x";
				CLANG_CXX_LIBRARY = "libc++";
				CLANG_ENABLE_MODULES = YES;
				CLANG_ENABLE_OBJC_ARC = YES;
				CLANG_WARN_BOOL_CONVERSION = YES;
				CLANG_WARN_CONSTANT_CONVERSION = YES;
				CLANG_WARN_DIRECT_OBJC_ISA_USAGE = YES_ERROR;
				CLANG_WARN_EMPTY_BODY = YES;
				CLANG_WARN_ENUM_CONVERSION = YES;
				CLANG_WARN_INT_CONVERSION = YES;
				CLANG_WARN_OBJC_ROOT_CLASS = YES_ERROR;
				CLANG_WARN_UNREACHABLE_CODE = YES;
				CLANG_WARN__DUPLICATE_METHOD_MATCH = YES;
				"CODE_SIGN_IDENTITY[sdk=iphoneos*]" = "iPhone Developer";
				COPY_PHASE_STRIP = NO;
				DEBUG_INFORMATION_FORMAT = "dwarf-with-dsym";
				ENABLE_NS_ASSERTIONS = NO;
				ENABLE_STRICT_OBJC_MSGSEND = YES;
				GCC_C_LANGUAGE_STANDARD = gnu99;
				GCC_NO_COMMON_BLOCKS = YES;
				GCC_WARN_64_TO_32_BIT_CONVERSION = YES;
				GCC_WARN_ABOUT_RETURN_TYPE = YES_ERROR;
				GCC_WARN_UNDECLARED_SELECTOR = YES;
				GCC_WARN_UNINITIALIZED_AUTOS = YES_AGGRESSIVE;
				GCC_WARN_UNUSED_FUNCTION = YES;
				GCC_WARN_UNUSED_VARIABLE = YES;
				IPHONEOS_DEPLOYMENT_TARGET = 8.3;
				MTL_ENABLE_DEBUG_INFO = NO;
				SDKROOT = iphoneos;
				TARGETED_DEVICE_FAMILY = "1,2";
				VALIDATE_PRODUCT = YES;
			};
			name = Release;
		};
		DDF8BC9F1B253CF400891404 /* Debug */ = {
			isa = XCBuildConfiguration;
			baseConfigurationReference = 4FE41B18CABEE255EF292C0D /* Pods.debug.xcconfig */;
			buildSettings = {
				ASSETCATALOG_COMPILER_APPICON_NAME = AppIcon;
				INFOPLIST_FILE = WWDSee/Info.plist;
				LD_RUNPATH_SEARCH_PATHS = "$(inherited) @executable_path/Frameworks";
				PRODUCT_NAME = "$(TARGET_NAME)";
			};
			name = Debug;
		};
		DDF8BCA01B253CF400891404 /* Release */ = {
			isa = XCBuildConfiguration;
			baseConfigurationReference = 3236931C52EFF32A23AD9C51 /* Pods.release.xcconfig */;
			buildSettings = {
				ASSETCATALOG_COMPILER_APPICON_NAME = AppIcon;
				INFOPLIST_FILE = WWDSee/Info.plist;
				LD_RUNPATH_SEARCH_PATHS = "$(inherited) @executable_path/Frameworks";
				PRODUCT_NAME = "$(TARGET_NAME)";
			};
			name = Release;
		};
/* End XCBuildConfiguration section */

/* Begin XCConfigurationList section */
		DDF8BC7A1B253CF400891404 /* Build configuration list for PBXProject "WWDSee" */ = {
			isa = XCConfigurationList;
			buildConfigurations = (
				DDF8BC9C1B253CF400891404 /* Debug */,
				DDF8BC9D1B253CF400891404 /* Release */,
			);
			defaultConfigurationIsVisible = 0;
			defaultConfigurationName = Release;
		};
		DDF8BC9E1B253CF400891404 /* Build configuration list for PBXNativeTarget "WWDSee" */ = {
			isa = XCConfigurationList;
			buildConfigurations = (
				DDF8BC9F1B253CF400891404 /* Debug */,
				DDF8BCA01B253CF400891404 /* Release */,
			);
			defaultConfigurationIsVisible = 0;
			defaultConfigurationName = Release;
		};
/* End XCConfigurationList section */
	};
	rootObject = DDF8BC771B253CF400891404 /* Project object */;
}
